
Microsoft Visual Studio Solution File, Format Version 12.00
# Visual Studio Version 17
VisualStudioVersion = 17.12.35707.178
MinimumVisualStudioVersion = 10.0.40219.1
Project("{2150E333-8FDC-42A3-9474-1A3956D46DE8}") = "Source", "Source", "{23D35849-8CB3-4D4F-9C9B-30237FE4B31E}"
EndProject
Project("{2150E333-8FDC-42A3-9474-1A3956D46DE8}") = "Presentation", "Presentation", "{F4035028-F480-416A-8A3A-E030B2586A5C}"
EndProject
Project("{2150E333-8FDC-42A3-9474-1A3956D46DE8}") = "Infrastructure", "Infrastructure", "{98A05398-610A-4C09-A665-9413C019E7C9}"
EndProject
Project("{2150E333-8FDC-42A3-9474-1A3956D46DE8}") = "Core", "Core", "{AF4C5B11-3AED-4563-B870-82E34C28B438}"
EndProject
Project("{2150E333-8FDC-42A3-9474-1A3956D46DE8}") = "WebAPI", "WebAPI", "{817FFD83-A6F6-4DC1-82FB-0201114CB23D}"
EndProject
Project("{2150E333-8FDC-42A3-9474-1A3956D46DE8}") = "WebApp", "WebApp", "{7C7087DF-1FBF-453E-AE18-C980FA09C34A}"
EndProject
Project("{FAE04EC0-301F-11D3-BF4B-00C04F79EFBC}") = "HermesBanking.Infrastructure.Identity", "HermesBanking.Infrastructure.Identity\HermesBanking.Infrastructure.Identity.csproj", "{B8B78BF0-EEE9-4762-9AF8-2E878594F739}"
EndProject
Project("{FAE04EC0-301F-11D3-BF4B-00C04F79EFBC}") = "HermesBanking.Infrastructure.Shared", "HermesBanking.Infrastructure.Shared\HermesBanking.Infrastructure.Shared.csproj", "{D0C51281-9F10-4374-8517-500BBED24CC3}"
EndProject
Project("{FAE04EC0-301F-11D3-BF4B-00C04F79EFBC}") = "HermesBanking.Infrastructure.Persistence", "HermesBanking.Infrastructure.Persistence\HermesBanking.Infrastructure.Persistence.csproj", "{BE963433-8FB5-464E-ABA1-88E88148BFEB}"
EndProject
Project("{FAE04EC0-301F-11D3-BF4B-00C04F79EFBC}") = "HermesBanking.Core.Domain", "HermesBanking.Core.Domain\HermesBanking.Core.Domain.csproj", "{438E92C1-57D9-40F4-9977-E5007F815BB2}"
EndProject
Project("{FAE04EC0-301F-11D3-BF4B-00C04F79EFBC}") = "HermesBankingAPI", "HermesBankingAPI\HermesBankingAPI.csproj", "{703D3401-170D-4C2F-9E65-4FA5F9ACDE7E}"
EndProject
Project("{FAE04EC0-301F-11D3-BF4B-00C04F79EFBC}") = "HermesBankingApp", "HermesBankingApp\HermesBankingApp.csproj", "{08A8D06E-789C-4D83-B006-1AD5CF27D9A8}"
EndProject
Project("{FAE04EC0-301F-11D3-BF4B-00C04F79EFBC}") = "HermesBanking.Core.Application", "HermesBanking.Core.Application\HermesBanking.Core.Application.csproj", "{9BDF9A16-ADB0-4E4B-8D00-9B896E806D9A}"
EndProject
Global
	GlobalSection(SolutionConfigurationPlatforms) = preSolution
		Debug|Any CPU = Debug|Any CPU
		Release|Any CPU = Release|Any CPU
	EndGlobalSection
	GlobalSection(ProjectConfigurationPlatforms) = postSolution
		{B8B78BF0-EEE9-4762-9AF8-2E878594F739}.Debug|Any CPU.ActiveCfg = Debug|Any CPU
		{B8B78BF0-EEE9-4762-9AF8-2E878594F739}.Debug|Any CPU.Build.0 = Debug|Any CPU
		{B8B78BF0-EEE9-4762-9AF8-2E878594F739}.Release|Any CPU.ActiveCfg = Release|Any CPU
		{B8B78BF0-EEE9-4762-9AF8-2E878594F739}.Release|Any CPU.Build.0 = Release|Any CPU
		{D0C51281-9F10-4374-8517-500BBED24CC3}.Debug|Any CPU.ActiveCfg = Debug|Any CPU
		{D0C51281-9F10-4374-8517-500BBED24CC3}.Debug|Any CPU.Build.0 = Debug|Any CPU
		{D0C51281-9F10-4374-8517-500BBED24CC3}.Release|Any CPU.ActiveCfg = Release|Any CPU
		{D0C51281-9F10-4374-8517-500BBED24CC3}.Release|Any CPU.Build.0 = Release|Any CPU
		{BE963433-8FB5-464E-ABA1-88E88148BFEB}.Debug|Any CPU.ActiveCfg = Debug|Any CPU
		{BE963433-8FB5-464E-ABA1-88E88148BFEB}.Debug|Any CPU.Build.0 = Debug|Any CPU
		{BE963433-8FB5-464E-ABA1-88E88148BFEB}.Release|Any CPU.ActiveCfg = Release|Any CPU
		{BE963433-8FB5-464E-ABA1-88E88148BFEB}.Release|Any CPU.Build.0 = Release|Any CPU
		{438E92C1-57D9-40F4-9977-E5007F815BB2}.Debug|Any CPU.ActiveCfg = Debug|Any CPU
		{438E92C1-57D9-40F4-9977-E5007F815BB2}.Debug|Any CPU.Build.0 = Debug|Any CPU
		{438E92C1-57D9-40F4-9977-E5007F815BB2}.Release|Any CPU.ActiveCfg = Release|Any CPU
		{438E92C1-57D9-40F4-9977-E5007F815BB2}.Release|Any CPU.Build.0 = Release|Any CPU
		{703D3401-170D-4C2F-9E65-4FA5F9ACDE7E}.Debug|Any CPU.ActiveCfg = Debug|Any CPU
		{703D3401-170D-4C2F-9E65-4FA5F9ACDE7E}.Debug|Any CPU.Build.0 = Debug|Any CPU
		{703D3401-170D-4C2F-9E65-4FA5F9ACDE7E}.Release|Any CPU.ActiveCfg = Release|Any CPU
		{703D3401-170D-4C2F-9E65-4FA5F9ACDE7E}.Release|Any CPU.Build.0 = Release|Any CPU
		{08A8D06E-789C-4D83-B006-1AD5CF27D9A8}.Debug|Any CPU.ActiveCfg = Debug|Any CPU
		{08A8D06E-789C-4D83-B006-1AD5CF27D9A8}.Debug|Any CPU.Build.0 = Debug|Any CPU
		{08A8D06E-789C-4D83-B006-1AD5CF27D9A8}.Release|Any CPU.ActiveCfg = Release|Any CPU
		{08A8D06E-789C-4D83-B006-1AD5CF27D9A8}.Release|Any CPU.Build.0 = Release|Any CPU
		{9BDF9A16-ADB0-4E4B-8D00-9B896E806D9A}.Debug|Any CPU.ActiveCfg = Debug|Any CPU
		{9BDF9A16-ADB0-4E4B-8D00-9B896E806D9A}.Debug|Any CPU.Build.0 = Debug|Any CPU
		{9BDF9A16-ADB0-4E4B-8D00-9B896E806D9A}.Release|Any CPU.ActiveCfg = Release|Any CPU
		{9BDF9A16-ADB0-4E4B-8D00-9B896E806D9A}.Release|Any CPU.Build.0 = Release|Any CPU
	EndGlobalSection
	GlobalSection(SolutionProperties) = preSolution
		HideSolutionNode = FALSE
	EndGlobalSection
	GlobalSection(NestedProjects) = preSolution
		{F4035028-F480-416A-8A3A-E030B2586A5C} = {23D35849-8CB3-4D4F-9C9B-30237FE4B31E}
		{98A05398-610A-4C09-A665-9413C019E7C9} = {23D35849-8CB3-4D4F-9C9B-30237FE4B31E}
		{AF4C5B11-3AED-4563-B870-82E34C28B438} = {23D35849-8CB3-4D4F-9C9B-30237FE4B31E}
		{817FFD83-A6F6-4DC1-82FB-0201114CB23D} = {F4035028-F480-416A-8A3A-E030B2586A5C}
		{7C7087DF-1FBF-453E-AE18-C980FA09C34A} = {F4035028-F480-416A-8A3A-E030B2586A5C}
		{B8B78BF0-EEE9-4762-9AF8-2E878594F739} = {98A05398-610A-4C09-A665-9413C019E7C9}
		{D0C51281-9F10-4374-8517-500BBED24CC3} = {98A05398-610A-4C09-A665-9413C019E7C9}
		{BE963433-8FB5-464E-ABA1-88E88148BFEB} = {98A05398-610A-4C09-A665-9413C019E7C9}
		{438E92C1-57D9-40F4-9977-E5007F815BB2} = {AF4C5B11-3AED-4563-B870-82E34C28B438}
		{703D3401-170D-4C2F-9E65-4FA5F9ACDE7E} = {817FFD83-A6F6-4DC1-82FB-0201114CB23D}
		{08A8D06E-789C-4D83-B006-1AD5CF27D9A8} = {7C7087DF-1FBF-453E-AE18-C980FA09C34A}
		{9BDF9A16-ADB0-4E4B-8D00-9B896E806D9A} = {AF4C5B11-3AED-4563-B870-82E34C28B438}
	EndGlobalSection
EndGlobal
